<Solution>
  <Folder Name="/Solution Items/">
    <File Path=".gitignore" />
  </Folder>
  <Folder Name="/src/">
    <Project Path="src/Coach.Api/Coach.Api.csproj" />
    <Project Path="src/Coach.Application/Coach.Application.csproj" />
    <Project Path="src/Coach.Domain/Coach.Domain.csproj" />
    <Project Path="src/Coach.Infrastructure/Coach.Infrastructure.csproj" />
    <Project Path="src/Coach.Web/Coach.Web.csproj" />
  </Folder>
  <Folder Name="/tests/" />
  <Project Path="docker-compose.dcproj">
    <Build />
  </Project>
</Solution>
