<Solution>
  <Folder Name="/Solution Items/">
    <File Path=".gitignore" />
  </Folder>
  <Folder Name="/src/">
    <Project Path="src/Athlete.Api/Athlete.Api.csproj" />
    <Project Path="src/Athlete.Application/Athlete.Application.csproj" />
    <Project Path="src/Athlete.Domain/Athlete.Domain.csproj" />
    <Project Path="src/Athlete.Infrastructure/Athlete.Infrastructure.csproj" />
    <Project Path="src/Athlete.Mcp/Athlete.Mcp.csproj" />
    <Project Path="src/AthleteMcpServer/AthleteMcpServer.csproj" />
  </Folder>
  <Folder Name="/tests/">
    <Project Path="tests/AthleteMcpServer.Tests/AthleteMcpServer.Tests.csproj" />
  </Folder>
  <Project Path="docker-compose.dcproj">
    <Build />
  </Project>
</Solution>
